
Microsoft Visual Studio Solution File, Format Version 12.00
# Visual Studio Version 17
VisualStudioVersion = 17.0.31912.275
MinimumVisualStudioVersion = 10.0.40219.1
Project("{FAE04EC0-301F-11D3-BF4B-00C04F79EFBC}") = "1010", "Prova\1010.csproj", "{8D33E7A6-28D2-476B-AB5C-84A9E2F125B7}"
EndProject
Project("{FAE04EC0-301F-11D3-BF4B-00C04F79EFBC}") = "1013", "1013\1013.csproj", "{388E9FA2-A650-4521-8CEC-0114FEF846C3}"
EndProject
Project("{FAE04EC0-301F-11D3-BF4B-00C04F79EFBC}") = "1018", "1018\1018.csproj", "{A9D6A048-3D02-4F25-9AFB-1A4C7FBAE79B}"
EndProject
Project("{FAE04EC0-301F-11D3-BF4B-00C04F79EFBC}") = "1019", "1019\1019.csproj", "{CE93C993-4401-407C-A399-4FC53D041BA4}"
EndProject
Project("{FAE04EC0-301F-11D3-BF4B-00C04F79EFBC}") = "1020", "1020\1020.csproj", "{B7E8CEFD-2555-422C-9310-E66FEF67F9FF}"
EndProject
Project("{FAE04EC0-301F-11D3-BF4B-00C04F79EFBC}") = "1021", "1021\1021.csproj", "{F416DFDD-BDC2-4BC6-B6AA-17FE50451932}"
EndProject
Project("{FAE04EC0-301F-11D3-BF4B-00C04F79EFBC}") = "1234", "1234\1234.csproj", "{AFF41805-EDCD-47F0-B1B1-B86933157123}"
EndProject
Project("{FAE04EC0-301F-11D3-BF4B-00C04F79EFBC}") = "1244", "1244\1244.csproj", "{631B9746-D321-49E6-8118-6F3D46A394A8}"
EndProject
Project("{FAE04EC0-301F-11D3-BF4B-00C04F79EFBC}") = "1251", "1251\1251.csproj", "{B0063272-D3FC-4176-9E46-6AD2B049E32C}"
EndProject
Project("{FAE04EC0-301F-11D3-BF4B-00C04F79EFBC}") = "1259", "1259\1259.csproj", "{0F9B6AFB-065F-4624-A6C0-D4C384038A86}"
EndProject
Project("{FAE04EC0-301F-11D3-BF4B-00C04F79EFBC}") = "1507", "1507\1507.csproj", "{64E2413A-92BD-4317-80FD-2284C6949F1C}"
EndProject
Global
	GlobalSection(SolutionConfigurationPlatforms) = preSolution
		Debug|Any CPU = Debug|Any CPU
		Release|Any CPU = Release|Any CPU
	EndGlobalSection
	GlobalSection(ProjectConfigurationPlatforms) = postSolution
		{8D33E7A6-28D2-476B-AB5C-84A9E2F125B7}.Debug|Any CPU.ActiveCfg = Debug|Any CPU
		{8D33E7A6-28D2-476B-AB5C-84A9E2F125B7}.Debug|Any CPU.Build.0 = Debug|Any CPU
		{8D33E7A6-28D2-476B-AB5C-84A9E2F125B7}.Release|Any CPU.ActiveCfg = Release|Any CPU
		{8D33E7A6-28D2-476B-AB5C-84A9E2F125B7}.Release|Any CPU.Build.0 = Release|Any CPU
		{388E9FA2-A650-4521-8CEC-0114FEF846C3}.Debug|Any CPU.ActiveCfg = Debug|Any CPU
		{388E9FA2-A650-4521-8CEC-0114FEF846C3}.Debug|Any CPU.Build.0 = Debug|Any CPU
		{388E9FA2-A650-4521-8CEC-0114FEF846C3}.Release|Any CPU.ActiveCfg = Release|Any CPU
		{388E9FA2-A650-4521-8CEC-0114FEF846C3}.Release|Any CPU.Build.0 = Release|Any CPU
		{A9D6A048-3D02-4F25-9AFB-1A4C7FBAE79B}.Debug|Any CPU.ActiveCfg = Debug|Any CPU
		{A9D6A048-3D02-4F25-9AFB-1A4C7FBAE79B}.Debug|Any CPU.Build.0 = Debug|Any CPU
		{A9D6A048-3D02-4F25-9AFB-1A4C7FBAE79B}.Release|Any CPU.ActiveCfg = Release|Any CPU
		{A9D6A048-3D02-4F25-9AFB-1A4C7FBAE79B}.Release|Any CPU.Build.0 = Release|Any CPU
		{CE93C993-4401-407C-A399-4FC53D041BA4}.Debug|Any CPU.ActiveCfg = Debug|Any CPU
		{CE93C993-4401-407C-A399-4FC53D041BA4}.Debug|Any CPU.Build.0 = Debug|Any CPU
		{CE93C993-4401-407C-A399-4FC53D041BA4}.Release|Any CPU.ActiveCfg = Release|Any CPU
		{CE93C993-4401-407C-A399-4FC53D041BA4}.Release|Any CPU.Build.0 = Release|Any CPU
		{B7E8CEFD-2555-422C-9310-E66FEF67F9FF}.Debug|Any CPU.ActiveCfg = Debug|Any CPU
		{B7E8CEFD-2555-422C-9310-E66FEF67F9FF}.Debug|Any CPU.Build.0 = Debug|Any CPU
		{B7E8CEFD-2555-422C-9310-E66FEF67F9FF}.Release|Any CPU.ActiveCfg = Release|Any CPU
		{B7E8CEFD-2555-422C-9310-E66FEF67F9FF}.Release|Any CPU.Build.0 = Release|Any CPU
		{F416DFDD-BDC2-4BC6-B6AA-17FE50451932}.Debug|Any CPU.ActiveCfg = Debug|Any CPU
		{F416DFDD-BDC2-4BC6-B6AA-17FE50451932}.Debug|Any CPU.Build.0 = Debug|Any CPU
		{F416DFDD-BDC2-4BC6-B6AA-17FE50451932}.Release|Any CPU.ActiveCfg = Release|Any CPU
		{F416DFDD-BDC2-4BC6-B6AA-17FE50451932}.Release|Any CPU.Build.0 = Release|Any CPU
		{AFF41805-EDCD-47F0-B1B1-B86933157123}.Debug|Any CPU.ActiveCfg = Debug|Any CPU
		{AFF41805-EDCD-47F0-B1B1-B86933157123}.Debug|Any CPU.Build.0 = Debug|Any CPU
		{AFF41805-EDCD-47F0-B1B1-B86933157123}.Release|Any CPU.ActiveCfg = Release|Any CPU
		{AFF41805-EDCD-47F0-B1B1-B86933157123}.Release|Any CPU.Build.0 = Release|Any CPU
		{631B9746-D321-49E6-8118-6F3D46A394A8}.Debug|Any CPU.ActiveCfg = Debug|Any CPU
		{631B9746-D321-49E6-8118-6F3D46A394A8}.Debug|Any CPU.Build.0 = Debug|Any CPU
		{631B9746-D321-49E6-8118-6F3D46A394A8}.Release|Any CPU.ActiveCfg = Release|Any CPU
		{631B9746-D321-49E6-8118-6F3D46A394A8}.Release|Any CPU.Build.0 = Release|Any CPU
		{B0063272-D3FC-4176-9E46-6AD2B049E32C}.Debug|Any CPU.ActiveCfg = Debug|Any CPU
		{B0063272-D3FC-4176-9E46-6AD2B049E32C}.Debug|Any CPU.Build.0 = Debug|Any CPU
		{B0063272-D3FC-4176-9E46-6AD2B049E32C}.Release|Any CPU.ActiveCfg = Release|Any CPU
		{B0063272-D3FC-4176-9E46-6AD2B049E32C}.Release|Any CPU.Build.0 = Release|Any CPU
		{0F9B6AFB-065F-4624-A6C0-D4C384038A86}.Debug|Any CPU.ActiveCfg = Debug|Any CPU
		{0F9B6AFB-065F-4624-A6C0-D4C384038A86}.Debug|Any CPU.Build.0 = Debug|Any CPU
		{0F9B6AFB-065F-4624-A6C0-D4C384038A86}.Release|Any CPU.ActiveCfg = Release|Any CPU
		{0F9B6AFB-065F-4624-A6C0-D4C384038A86}.Release|Any CPU.Build.0 = Release|Any CPU
		{64E2413A-92BD-4317-80FD-2284C6949F1C}.Debug|Any CPU.ActiveCfg = Debug|Any CPU
		{64E2413A-92BD-4317-80FD-2284C6949F1C}.Debug|Any CPU.Build.0 = Debug|Any CPU
		{64E2413A-92BD-4317-80FD-2284C6949F1C}.Release|Any CPU.ActiveCfg = Release|Any CPU
		{64E2413A-92BD-4317-80FD-2284C6949F1C}.Release|Any CPU.Build.0 = Release|Any CPU
	EndGlobalSection
	GlobalSection(SolutionProperties) = preSolution
		HideSolutionNode = FALSE
	EndGlobalSection
	GlobalSection(ExtensibilityGlobals) = postSolution
		SolutionGuid = {5DBCA29D-0FC9-49E2-8BD4-31EA12C02CF6}
	EndGlobalSection
EndGlobal
